
Microsoft Visual Studio Solution File, Format Version 12.00
# Visual Studio 15
VisualStudioVersion = 15.0.26730.12
MinimumVisualStudioVersion = 10.0.40219.1
Project("{FAE04EC0-301F-11D3-BF4B-00C04F79EFBC}") = "EntidadesNegocio", "ProvEventos\EntidadesNegocio.csproj", "{B7119F76-D2D7-4605-AA4B-698210C3A7C7}"
EndProject
Project("{FAE04EC0-301F-11D3-BF4B-00C04F79EFBC}") = "AccesoDatos", "AccesoDatos\AccesoDatos.csproj", "{1A76E234-AB9B-4761-A3EC-1DAD9E913ED4}"
EndProject
Project("{FAE04EC0-301F-11D3-BF4B-00C04F79EFBC}") = "WCFServicioCatalogo", "WCFProvEventos\WCFServicioCatalogo.csproj", "{B094CCFD-A144-43C5-890A-0344A7BE006A}"
EndProject
Project("{FAE04EC0-301F-11D3-BF4B-00C04F79EFBC}") = "WCFListaProveedores", "WCFListaProveedores\WCFListaProveedores.csproj", "{AD88C4DD-BA7A-429C-A8FC-0722A888A05C}"
EndProject
Project("{FAE04EC0-301F-11D3-BF4B-00C04F79EFBC}") = "WcfNuevoProveedor", "WcfNuevoProveedor\WcfNuevoProveedor.csproj", "{CE6E5AD1-E2C1-4125-9438-F340F5A787A1}"
EndProject
Global
	GlobalSection(SolutionConfigurationPlatforms) = preSolution
		Debug|Any CPU = Debug|Any CPU
		Release|Any CPU = Release|Any CPU
	EndGlobalSection
	GlobalSection(ProjectConfigurationPlatforms) = postSolution
		{B7119F76-D2D7-4605-AA4B-698210C3A7C7}.Debug|Any CPU.ActiveCfg = Debug|Any CPU
		{B7119F76-D2D7-4605-AA4B-698210C3A7C7}.Debug|Any CPU.Build.0 = Debug|Any CPU
		{B7119F76-D2D7-4605-AA4B-698210C3A7C7}.Release|Any CPU.ActiveCfg = Release|Any CPU
		{B7119F76-D2D7-4605-AA4B-698210C3A7C7}.Release|Any CPU.Build.0 = Release|Any CPU
		{1A76E234-AB9B-4761-A3EC-1DAD9E913ED4}.Debug|Any CPU.ActiveCfg = Debug|Any CPU
		{1A76E234-AB9B-4761-A3EC-1DAD9E913ED4}.Debug|Any CPU.Build.0 = Debug|Any CPU
		{1A76E234-AB9B-4761-A3EC-1DAD9E913ED4}.Release|Any CPU.ActiveCfg = Release|Any CPU
		{1A76E234-AB9B-4761-A3EC-1DAD9E913ED4}.Release|Any CPU.Build.0 = Release|Any CPU
		{B094CCFD-A144-43C5-890A-0344A7BE006A}.Debug|Any CPU.ActiveCfg = Debug|Any CPU
		{B094CCFD-A144-43C5-890A-0344A7BE006A}.Debug|Any CPU.Build.0 = Debug|Any CPU
		{B094CCFD-A144-43C5-890A-0344A7BE006A}.Release|Any CPU.ActiveCfg = Release|Any CPU
		{B094CCFD-A144-43C5-890A-0344A7BE006A}.Release|Any CPU.Build.0 = Release|Any CPU
		{AD88C4DD-BA7A-429C-A8FC-0722A888A05C}.Debug|Any CPU.ActiveCfg = Debug|Any CPU
		{AD88C4DD-BA7A-429C-A8FC-0722A888A05C}.Debug|Any CPU.Build.0 = Debug|Any CPU
		{AD88C4DD-BA7A-429C-A8FC-0722A888A05C}.Release|Any CPU.ActiveCfg = Release|Any CPU
		{AD88C4DD-BA7A-429C-A8FC-0722A888A05C}.Release|Any CPU.Build.0 = Release|Any CPU
		{CE6E5AD1-E2C1-4125-9438-F340F5A787A1}.Debug|Any CPU.ActiveCfg = Debug|Any CPU
		{CE6E5AD1-E2C1-4125-9438-F340F5A787A1}.Debug|Any CPU.Build.0 = Debug|Any CPU
		{CE6E5AD1-E2C1-4125-9438-F340F5A787A1}.Release|Any CPU.ActiveCfg = Release|Any CPU
		{CE6E5AD1-E2C1-4125-9438-F340F5A787A1}.Release|Any CPU.Build.0 = Release|Any CPU
	EndGlobalSection
	GlobalSection(SolutionProperties) = preSolution
		HideSolutionNode = FALSE
	EndGlobalSection
	GlobalSection(ExtensibilityGlobals) = postSolution
		SolutionGuid = {99B77E3A-B98F-4CA4-9839-1394B65BFCC1}
	EndGlobalSection
EndGlobal
